
Microsoft Visual Studio Solution File, Format Version 12.00
# Visual Studio Version 17
VisualStudioVersion = 17.8.34525.116
MinimumVisualStudioVersion = 10.0.40219.1
Project("{9A19103F-16F7-4668-BE54-9A1E7A4F7556}") = "Caresoft_web", "Caresoft_web\Caresoft_web.csproj", "{B79FF883-5130-43C8-870E-6B5227DD9946}"
EndProject
Global
	GlobalSection(SolutionConfigurationPlatforms) = preSolution
		Debug|Any CPU = Debug|Any CPU
		Release|Any CPU = Release|Any CPU
	EndGlobalSection
	GlobalSection(ProjectConfigurationPlatforms) = postSolution
		{B79FF883-5130-43C8-870E-6B5227DD9946}.Debug|Any CPU.ActiveCfg = Debug|Any CPU
		{B79FF883-5130-43C8-870E-6B5227DD9946}.Debug|Any CPU.Build.0 = Debug|Any CPU
		{B79FF883-5130-43C8-870E-6B5227DD9946}.Release|Any CPU.ActiveCfg = Release|Any CPU
		{B79FF883-5130-43C8-870E-6B5227DD9946}.Release|Any CPU.Build.0 = Release|Any CPU
	EndGlobalSection
	GlobalSection(SolutionProperties) = preSolution
		HideSolutionNode = FALSE
	EndGlobalSection
	GlobalSection(ExtensibilityGlobals) = postSolution
		SolutionGuid = {5D5F29BF-A956-451B-BCA7-5933A5ECA3D8}
	EndGlobalSection
EndGlobal
