
Microsoft Visual Studio Solution File, Format Version 12.00
# Visual Studio Version 17
VisualStudioVersion = 17.8.34525.116
MinimumVisualStudioVersion = 10.0.40219.1
Project("{FAE04EC0-301F-11D3-BF4B-00C04F79EFBC}") = "Caresoft__web", "Caresoft__web\Caresoft__web.csproj", "{CD8A9E2B-611E-4897-942B-D5F673A99C04}"
EndProject
Global
	GlobalSection(SolutionConfigurationPlatforms) = preSolution
		Debug|Any CPU = Debug|Any CPU
		Release|Any CPU = Release|Any CPU
	EndGlobalSection
	GlobalSection(ProjectConfigurationPlatforms) = postSolution
		{CD8A9E2B-611E-4897-942B-D5F673A99C04}.Debug|Any CPU.ActiveCfg = Debug|Any CPU
		{CD8A9E2B-611E-4897-942B-D5F673A99C04}.Debug|Any CPU.Build.0 = Debug|Any CPU
		{CD8A9E2B-611E-4897-942B-D5F673A99C04}.Release|Any CPU.ActiveCfg = Release|Any CPU
		{CD8A9E2B-611E-4897-942B-D5F673A99C04}.Release|Any CPU.Build.0 = Release|Any CPU
	EndGlobalSection
	GlobalSection(SolutionProperties) = preSolution
		HideSolutionNode = FALSE
	EndGlobalSection
	GlobalSection(ExtensibilityGlobals) = postSolution
		SolutionGuid = {5D5F29BF-A956-451B-BCA7-5933A5ECA3D8}
	EndGlobalSection
EndGlobal
